
Microsoft Visual Studio Solution File, Format Version 12.00
# Visual Studio Version 17
VisualStudioVersion = 17.9.34607.119
MinimumVisualStudioVersion = 10.0.40219.1
Project("{FAE04EC0-301F-11D3-BF4B-00C04F79EFBC}") = "aho", "aho\aho.csproj", "{198A0A24-2AC9-45C7-B736-E013A409303F}"
EndProject
Global
	GlobalSection(SolutionConfigurationPlatforms) = preSolution
		Debug|Any CPU = Debug|Any CPU
		Release|Any CPU = Release|Any CPU
	EndGlobalSection
	GlobalSection(ProjectConfigurationPlatforms) = postSolution
		{198A0A24-2AC9-45C7-B736-E013A409303F}.Debug|Any CPU.ActiveCfg = Debug|Any CPU
		{198A0A24-2AC9-45C7-B736-E013A409303F}.Debug|Any CPU.Build.0 = Debug|Any CPU
		{198A0A24-2AC9-45C7-B736-E013A409303F}.Debug|Any CPU.Deploy.0 = Debug|Any CPU
		{198A0A24-2AC9-45C7-B736-E013A409303F}.Release|Any CPU.ActiveCfg = Release|Any CPU
		{198A0A24-2AC9-45C7-B736-E013A409303F}.Release|Any CPU.Build.0 = Release|Any CPU
		{198A0A24-2AC9-45C7-B736-E013A409303F}.Release|Any CPU.Deploy.0 = Release|Any CPU
	EndGlobalSection
	GlobalSection(SolutionProperties) = preSolution
		HideSolutionNode = FALSE
	EndGlobalSection
	GlobalSection(ExtensibilityGlobals) = postSolution
		SolutionGuid = {2F053E37-4B74-490F-B0C4-2286BC182C98}
	EndGlobalSection
EndGlobal
